
Microsoft Visual Studio Solution File, Format Version 12.00
# Visual Studio Version 16
VisualStudioVersion = 16.0.29709.97
MinimumVisualStudioVersion = 10.0.40219.1
Project("{FAE04EC0-301F-11D3-BF4B-00C04F79EFBC}") = "HW2_1_Students_Teachers_groops", "HW2_1_Students_Teachers_groops\HW2_1_Students_Teachers_groops.csproj", "{14C944E6-8626-4AFA-B962-46FFB4EBB6A3}"
EndProject
Global
	GlobalSection(SolutionConfigurationPlatforms) = preSolution
		Debug|Any CPU = Debug|Any CPU
		Release|Any CPU = Release|Any CPU
	EndGlobalSection
	GlobalSection(ProjectConfigurationPlatforms) = postSolution
		{14C944E6-8626-4AFA-B962-46FFB4EBB6A3}.Debug|Any CPU.ActiveCfg = Debug|Any CPU
		{14C944E6-8626-4AFA-B962-46FFB4EBB6A3}.Debug|Any CPU.Build.0 = Debug|Any CPU
		{14C944E6-8626-4AFA-B962-46FFB4EBB6A3}.Release|Any CPU.ActiveCfg = Release|Any CPU
		{14C944E6-8626-4AFA-B962-46FFB4EBB6A3}.Release|Any CPU.Build.0 = Release|Any CPU
	EndGlobalSection
	GlobalSection(SolutionProperties) = preSolution
		HideSolutionNode = FALSE
	EndGlobalSection
	GlobalSection(ExtensibilityGlobals) = postSolution
		SolutionGuid = {6BBB7452-F6C2-45CF-952C-0197480F1AA6}
	EndGlobalSection
EndGlobal
